
Microsoft Visual Studio Solution File, Format Version 12.00
# Visual Studio Version 17
VisualStudioVersion = 17.3.32929.385
MinimumVisualStudioVersion = 10.0.40219.1
Project("{FAE04EC0-301F-11D3-BF4B-00C04F79EFBC}") = "csharp-ecommerce-db", "csharp-ecommerce-db.csproj", "{55E87A0A-8D83-4A89-B8C1-5AB5188A9A99}"
EndProject
Global
	GlobalSection(SolutionConfigurationPlatforms) = preSolution
		Debug|Any CPU = Debug|Any CPU
		Release|Any CPU = Release|Any CPU
	EndGlobalSection
	GlobalSection(ProjectConfigurationPlatforms) = postSolution
		{55E87A0A-8D83-4A89-B8C1-5AB5188A9A99}.Debug|Any CPU.ActiveCfg = Debug|Any CPU
		{55E87A0A-8D83-4A89-B8C1-5AB5188A9A99}.Debug|Any CPU.Build.0 = Debug|Any CPU
		{55E87A0A-8D83-4A89-B8C1-5AB5188A9A99}.Release|Any CPU.ActiveCfg = Release|Any CPU
		{55E87A0A-8D83-4A89-B8C1-5AB5188A9A99}.Release|Any CPU.Build.0 = Release|Any CPU
	EndGlobalSection
	GlobalSection(SolutionProperties) = preSolution
		HideSolutionNode = FALSE
	EndGlobalSection
	GlobalSection(ExtensibilityGlobals) = postSolution
		SolutionGuid = {387CF61A-9931-4FB6-97C2-E1164D0C1060}
	EndGlobalSection
EndGlobal
